
Microsoft Visual Studio Solution File, Format Version 12.00
# Visual Studio Version 17
VisualStudioVersion = 17.10.35122.118
MinimumVisualStudioVersion = 10.0.40219.1
Project("{FAE04EC0-301F-11D3-BF4B-00C04F79EFBC}") = "RSASupportAPI", "RSASupportAPI\RSASupportAPI.csproj", "{32336B80-B7AA-4C01-A7DE-B04945F6CD92}"
EndProject
Global
	GlobalSection(SolutionConfigurationPlatforms) = preSolution
		Debug|Any CPU = Debug|Any CPU
		Debug|ARM32 = Debug|ARM32
		Debug|ARM64 = Debug|ARM64
		Debug|x64 = Debug|x64
		Release|Any CPU = Release|Any CPU
		Release|ARM32 = Release|ARM32
		Release|ARM64 = Release|ARM64
		Release|x64 = Release|x64
	EndGlobalSection
	GlobalSection(ProjectConfigurationPlatforms) = postSolution
		{32336B80-B7AA-4C01-A7DE-B04945F6CD92}.Debug|Any CPU.ActiveCfg = Debug|Any CPU
		{32336B80-B7AA-4C01-A7DE-B04945F6CD92}.Debug|Any CPU.Build.0 = Debug|Any CPU
		{32336B80-B7AA-4C01-A7DE-B04945F6CD92}.Debug|ARM32.ActiveCfg = Debug|ARM32
		{32336B80-B7AA-4C01-A7DE-B04945F6CD92}.Debug|ARM32.Build.0 = Debug|ARM32
		{32336B80-B7AA-4C01-A7DE-B04945F6CD92}.Debug|ARM64.ActiveCfg = Debug|ARM64
		{32336B80-B7AA-4C01-A7DE-B04945F6CD92}.Debug|ARM64.Build.0 = Debug|ARM64
		{32336B80-B7AA-4C01-A7DE-B04945F6CD92}.Debug|x64.ActiveCfg = Debug|x64
		{32336B80-B7AA-4C01-A7DE-B04945F6CD92}.Debug|x64.Build.0 = Debug|x64
		{32336B80-B7AA-4C01-A7DE-B04945F6CD92}.Release|Any CPU.ActiveCfg = Release|Any CPU
		{32336B80-B7AA-4C01-A7DE-B04945F6CD92}.Release|Any CPU.Build.0 = Release|Any CPU
		{32336B80-B7AA-4C01-A7DE-B04945F6CD92}.Release|ARM32.ActiveCfg = Release|ARM32
		{32336B80-B7AA-4C01-A7DE-B04945F6CD92}.Release|ARM32.Build.0 = Release|ARM32
		{32336B80-B7AA-4C01-A7DE-B04945F6CD92}.Release|ARM64.ActiveCfg = Release|ARM64
		{32336B80-B7AA-4C01-A7DE-B04945F6CD92}.Release|ARM64.Build.0 = Release|ARM64
		{32336B80-B7AA-4C01-A7DE-B04945F6CD92}.Release|x64.ActiveCfg = Release|x64
		{32336B80-B7AA-4C01-A7DE-B04945F6CD92}.Release|x64.Build.0 = Release|x64
	EndGlobalSection
	GlobalSection(SolutionProperties) = preSolution
		HideSolutionNode = FALSE
	EndGlobalSection
	GlobalSection(ExtensibilityGlobals) = postSolution
		SolutionGuid = {F1A53C87-BBD2-4673-891D-792CEB74AB38}
	EndGlobalSection
EndGlobal
